
Microsoft Visual Studio Solution File, Format Version 12.00
# Visual Studio Version 17
VisualStudioVersion = 17.0.31903.59
MinimumVisualStudioVersion = 10.0.40219.1
Project("{FAE04EC0-301F-11D3-BF4B-00C04F79EFBC}") = "OOP3-Polymorfism", "OOP3-Polymorfism\OOP3-Polymorfism.csproj", "{3B774D06-4746-47E6-A24B-37219E55CC93}"
EndProject
Global
	GlobalSection(SolutionConfigurationPlatforms) = preSolution
		Debug|Any CPU = Debug|Any CPU
		Release|Any CPU = Release|Any CPU
	EndGlobalSection
	GlobalSection(SolutionProperties) = preSolution
		HideSolutionNode = FALSE
	EndGlobalSection
	GlobalSection(ProjectConfigurationPlatforms) = postSolution
		{3B774D06-4746-47E6-A24B-37219E55CC93}.Debug|Any CPU.ActiveCfg = Debug|Any CPU
		{3B774D06-4746-47E6-A24B-37219E55CC93}.Debug|Any CPU.Build.0 = Debug|Any CPU
		{3B774D06-4746-47E6-A24B-37219E55CC93}.Release|Any CPU.ActiveCfg = Release|Any CPU
		{3B774D06-4746-47E6-A24B-37219E55CC93}.Release|Any CPU.Build.0 = Release|Any CPU
	EndGlobalSection
EndGlobal
